
Microsoft Visual Studio Solution File, Format Version 12.00
# Visual Studio 14
VisualStudioVersion = 14.0.25420.1
MinimumVisualStudioVersion = 10.0.40219.1
Project("{D954291E-2A0B-460D-934E-DC6B0785DB48}") = "SharedProject_TryOut", "SharedProject_TryOut\SharedProject_TryOut.shproj", "{A8814D32-53D9-41CA-96D0-36AE4258780E}"
EndProject
Global
	GlobalSection(SharedMSBuildProjectFiles) = preSolution
		SharedProject_TryOut\SharedProject_TryOut.projitems*{a8814d32-53d9-41ca-96d0-36ae4258780e}*SharedItemsImports = 13
	EndGlobalSection
	GlobalSection(SolutionProperties) = preSolution
		HideSolutionNode = FALSE
	EndGlobalSection
EndGlobal
